// !$*UTF8*$!
{
	archiveVersion = 1;
	classes = {
	};
	objectVersion = 56;
	objects = {

/* Begin PBXBuildFile section */
		751FD5432B690A9A00F5FAA3 /* GameVC.swift in Sources */ = {isa = PBXBuildFile; fileRef = 751FD5422B690A9A00F5FAA3 /* GameVC.swift */; };
		751FD5452B690ABF00F5FAA3 /* SettingsVC.swift in Sources */ = {isa = PBXBuildFile; fileRef = 751FD5442B690ABF00F5FAA3 /* SettingsVC.swift */; };
		751FD5472B690AE800F5FAA3 /* ScoreListVC.swift in Sources */ = {isa = PBXBuildFile; fileRef = 751FD5462B690AE800F5FAA3 /* ScoreListVC.swift */; };
		7585AEF32B69048F0020B752 /* AppDelegate.swift in Sources */ = {isa = PBXBuildFile; fileRef = 7585AEF22B69048F0020B752 /* AppDelegate.swift */; };
		7585AEF52B69048F0020B752 /* SceneDelegate.swift in Sources */ = {isa = PBXBuildFile; fileRef = 7585AEF42B69048F0020B752 /* SceneDelegate.swift */; };
		7585AEF72B69048F0020B752 /* ViewController.swift in Sources */ = {isa = PBXBuildFile; fileRef = 7585AEF62B69048F0020B752 /* ViewController.swift */; };
		7585AEFA2B69048F0020B752 /* Main.storyboard in Resources */ = {isa = PBXBuildFile; fileRef = 7585AEF82B69048F0020B752 /* Main.storyboard */; };
		7585AEFD2B69048F0020B752 /* CatchGameDeveloped.xcdatamodeld in Sources */ = {isa = PBXBuildFile; fileRef = 7585AEFB2B69048F0020B752 /* CatchGameDeveloped.xcdatamodeld */; };
		7585AEFF2B6904920020B752 /* Assets.xcassets in Resources */ = {isa = PBXBuildFile; fileRef = 7585AEFE2B6904920020B752 /* Assets.xcassets */; };
		7585AF022B6904920020B752 /* LaunchScreen.storyboard in Resources */ = {isa = PBXBuildFile; fileRef = 7585AF002B6904920020B752 /* LaunchScreen.storyboard */; };
/* End PBXBuildFile section */

/* Begin PBXFileReference section */
		751FD5422B690A9A00F5FAA3 /* GameVC.swift */ = {isa = PBXFileReference; lastKnownFileType = sourcecode.swift; path = GameVC.swift; sourceTree = "<group>"; };
		751FD5442B690ABF00F5FAA3 /* SettingsVC.swift */ = {isa = PBXFileReference; lastKnownFileType = sourcecode.swift; path = SettingsVC.swift; sourceTree = "<group>"; };
		751FD5462B690AE800F5FAA3 /* ScoreListVC.swift */ = {isa = PBXFileReference; lastKnownFileType = sourcecode.swift; path = ScoreListVC.swift; sourceTree = "<group>"; };
		7585AEEF2B69048F0020B752 /* CatchGameDeveloped.app */ = {isa = PBXFileReference; explicitFileType = wrapper.application; includeInIndex = 0; path = CatchGameDeveloped.app; sourceTree = BUILT_PRODUCTS_DIR; };
		7585AEF22B69048F0020B752 /* AppDelegate.swift */ = {isa = PBXFileReference; lastKnownFileType = sourcecode.swift; path = AppDelegate.swift; sourceTree = "<group>"; };
		7585AEF42B69048F0020B752 /* SceneDelegate.swift */ = {isa = PBXFileReference; lastKnownFileType = sourcecode.swift; path = SceneDelegate.swift; sourceTree = "<group>"; };
		7585AEF62B69048F0020B752 /* ViewController.swift */ = {isa = PBXFileReference; lastKnownFileType = sourcecode.swift; path = ViewController.swift; sourceTree = "<group>"; };
		7585AEF92B69048F0020B752 /* Base */ = {isa = PBXFileReference; lastKnownFileType = file.storyboard; name = Base; path = Base.lproj/Main.storyboard; sourceTree = "<group>"; };
		7585AEFC2B69048F0020B752 /* CatchGameDeveloped.xcdatamodel */ = {isa = PBXFileReference; lastKnownFileType = wrapper.xcdatamodel; path = CatchGameDeveloped.xcdatamodel; sourceTree = "<group>"; };
		7585AEFE2B6904920020B752 /* Assets.xcassets */ = {isa = PBXFileReference; lastKnownFileType = folder.assetcatalog; path = Assets.xcassets; sourceTree = "<group>"; };
		7585AF012B6904920020B752 /* Base */ = {isa = PBXFileReference; lastKnownFileType = file.storyboard; name = Base; path = Base.lproj/LaunchScreen.storyboard; sourceTree = "<group>"; };
		7585AF032B6904920020B752 /* Info.plist */ = {isa = PBXFileReference; lastKnownFileType = text.plist.xml; path = Info.plist; sourceTree = "<group>"; };
/* End PBXFileReference section */

/* Begin PBXFrameworksBuildPhase section */
		7585AEEC2B69048F0020B752 /* Frameworks */ = {
			isa = PBXFrameworksBuildPhase;
			buildActionMask = 2147483647;
			files = (
			);
			runOnlyForDeploymentPostprocessing = 0;
		};
/* End PBXFrameworksBuildPhase section */

/* Begin PBXGroup section */
		7585AEE62B69048F0020B752 = {
			isa = PBXGroup;
			children = (
				7585AEF12B69048F0020B752 /* CatchGameDeveloped */,
				7585AEF02B69048F0020B752 /* Products */,
			);
			sourceTree = "<group>";
		};
		7585AEF02B69048F0020B752 /* Products */ = {
			isa = PBXGroup;
			children = (
				7585AEEF2B69048F0020B752 /* CatchGameDeveloped.app */,
			);
			name = Products;
			sourceTree = "<group>";
		};
		7585AEF12B69048F0020B752 /* CatchGameDeveloped */ = {
			isa = PBXGroup;
			children = (
				7585AEF22B69048F0020B752 /* AppDelegate.swift */,
				7585AEF42B69048F0020B752 /* SceneDelegate.swift */,
				7585AEF62B69048F0020B752 /* ViewController.swift */,
				751FD5422B690A9A00F5FAA3 /* GameVC.swift */,
				751FD5442B690ABF00F5FAA3 /* SettingsVC.swift */,
				751FD5462B690AE800F5FAA3 /* ScoreListVC.swift */,
				7585AEF82B69048F0020B752 /* Main.storyboard */,
				7585AEFE2B6904920020B752 /* Assets.xcassets */,
				7585AF002B6904920020B752 /* LaunchScreen.storyboard */,
				7585AF032B6904920020B752 /* Info.plist */,
				7585AEFB2B69048F0020B752 /* CatchGameDeveloped.xcdatamodeld */,
			);
			path = CatchGameDeveloped;
			sourceTree = "<group>";
		};
/* End PBXGroup section */

/* Begin PBXNativeTarget section */
		7585AEEE2B69048F0020B752 /* CatchGameDeveloped */ = {
			isa = PBXNativeTarget;
			buildConfigurationList = 7585AF062B6904920020B752 /* Build configuration list for PBXNativeTarget "CatchGameDeveloped" */;
			buildPhases = (
				7585AEEB2B69048F0020B752 /* Sources */,
				7585AEEC2B69048F0020B752 /* Frameworks */,
				7585AEED2B69048F0020B752 /* Resources */,
			);
			buildRules = (
			);
			dependencies = (
			);
			name = CatchGameDeveloped;
			productName = CatchGameDeveloped;
			productReference = 7585AEEF2B69048F0020B752 /* CatchGameDeveloped.app */;
			productType = "com.apple.product-type.application";
		};
/* End PBXNativeTarget section */

/* Begin PBXProject section */
		7585AEE72B69048F0020B752 /* Project object */ = {
			isa = PBXProject;
			attributes = {
				BuildIndependentTargetsInParallel = 1;
				LastSwiftUpdateCheck = 1500;
				LastUpgradeCheck = 1500;
				TargetAttributes = {
					7585AEEE2B69048F0020B752 = {
						CreatedOnToolsVersion = 15.0;
					};
				};
			};
			buildConfigurationList = 7585AEEA2B69048F0020B752 /* Build configuration list for PBXProject "CatchGameDeveloped" */;
			compatibilityVersion = "Xcode 14.0";
			developmentRegion = en;
			hasScannedForEncodings = 0;
			knownRegions = (
				en,
				Base,
			);
			mainGroup = 7585AEE62B69048F0020B752;
			productRefGroup = 7585AEF02B69048F0020B752 /* Products */;
			projectDirPath = "";
			projectRoot = "";
			targets = (
				7585AEEE2B69048F0020B752 /* CatchGameDeveloped */,
			);
		};
/* End PBXProject section */

/* Begin PBXResourcesBuildPhase section */
		7585AEED2B69048F0020B752 /* Resources */ = {
			isa = PBXResourcesBuildPhase;
			buildActionMask = 2147483647;
			files = (
				7585AF022B6904920020B752 /* LaunchScreen.storyboard in Resources */,
				7585AEFF2B6904920020B752 /* Assets.xcassets in Resources */,
				7585AEFA2B69048F0020B752 /* Main.storyboard in Resources */,
			);
			runOnlyForDeploymentPostprocessing = 0;
		};
/* End PBXResourcesBuildPhase section */

/* Begin PBXSourcesBuildPhase section */
		7585AEEB2B69048F0020B752 /* Sources */ = {
			isa = PBXSourcesBuildPhase;
			buildActionMask = 2147483647;
			files = (
				7585AEFD2B69048F0020B752 /* CatchGameDeveloped.xcdatamodeld in Sources */,
				7585AEF72B69048F0020B752 /* ViewController.swift in Sources */,
				7585AEF32B69048F0020B752 /* AppDelegate.swift in Sources */,
				751FD5432B690A9A00F5FAA3 /* GameVC.swift in Sources */,
				751FD5472B690AE800F5FAA3 /* ScoreListVC.swift in Sources */,
				7585AEF52B69048F0020B752 /* SceneDelegate.swift in Sources */,
				751FD5452B690ABF00F5FAA3 /* SettingsVC.swift in Sources */,
			);
			runOnlyForDeploymentPostprocessing = 0;
		};
/* End PBXSourcesBuildPhase section */

/* Begin PBXVariantGroup section */
		7585AEF82B69048F0020B752 /* Main.storyboard */ = {
			isa = PBXVariantGroup;
			children = (
				7585AEF92B69048F0020B752 /* Base */,
			);
			name = Main.storyboard;
			sourceTree = "<group>";
		};
		7585AF002B6904920020B752 /* LaunchScreen.storyboard */ = {
			isa = PBXVariantGroup;
			children = (
				7585AF012B6904920020B752 /* Base */,
			);
			name = LaunchScreen.storyboard;
			sourceTree = "<group>";
		};
/* End PBXVariantGroup section */

/* Begin XCBuildConfiguration section */
		7585AF042B6904920020B752 /* Debug */ = {
			isa = XCBuildConfiguration;
			buildSettings = {
				ALWAYS_SEARCH_USER_PATHS = NO;
				ASSETCATALOG_COMPILER_GENERATE_SWIFT_ASSET_SYMBOL_EXTENSIONS = YES;
				CLANG_ANALYZER_NONNULL = YES;
				CLANG_ANALYZER_NUMBER_OBJECT_CONVERSION = YES_AGGRESSIVE;
				CLANG_CXX_LANGUAGE_STANDARD = "gnu++20";
				CLANG_ENABLE_MODULES = YES;
				CLANG_ENABLE_OBJC_ARC = YES;
				CLANG_ENABLE_OBJC_WEAK = YES;
				CLANG_WARN_BLOCK_CAPTURE_AUTORELEASING = YES;
				CLANG_WARN_BOOL_CONVERSION = YES;
				CLANG_WARN_COMMA = YES;
				CLANG_WARN_CONSTANT_CONVERSION = YES;
				CLANG_WARN_DEPRECATED_OBJC_IMPLEMENTATIONS = YES;
				CLANG_WARN_DIRECT_OBJC_ISA_USAGE = YES_ERROR;
				CLANG_WARN_DOCUMENTATION_COMMENTS = YES;
				CLANG_WARN_EMPTY_BODY = YES;
				CLANG_WARN_ENUM_CONVERSION = YES;
				CLANG_WARN_INFINITE_RECURSION = YES;
				CLANG_WARN_INT_CONVERSION = YES;
				CLANG_WARN_NON_LITERAL_NULL_CONVERSION = YES;
				CLANG_WARN_OBJC_IMPLICIT_RETAIN_SELF = YES;
				CLANG_WARN_OBJC_LITERAL_CONVERSION = YES;
				CLANG_WARN_OBJC_ROOT_CLASS = YES_ERROR;
				CLANG_WARN_QUOTED_INCLUDE_IN_FRAMEWORK_HEADER = YES;
				CLANG_WARN_RANGE_LOOP_ANALYSIS = YES;
				CLANG_WARN_STRICT_PROTOTYPES = YES;
				CLANG_WARN_SUSPICIOUS_MOVE = YES;
				CLANG_WARN_UNGUARDED_AVAILABILITY = YES_AGGRESSIVE;
				CLANG_WARN_UNREACHABLE_CODE = YES;
				CLANG_WARN__DUPLICATE_METHOD_MATCH = YES;
				COPY_PHASE_STRIP = NO;
				DEBUG_INFORMATION_FORMAT = dwarf;
				ENABLE_STRICT_OBJC_MSGSEND = YES;
				ENABLE_TESTABILITY = YES;
				ENABLE_USER_SCRIPT_SANDBOXING = YES;
				GCC_C_LANGUAGE_STANDARD = gnu17;
				GCC_DYNAMIC_NO_PIC = NO;
				GCC_NO_COMMON_BLOCKS = YES;
				GCC_OPTIMIZATION_LEVEL = 0;
				GCC_PREPROCESSOR_DEFINITIONS = (
					"DEBUG=1",
					"$(inherited)",
				);
				GCC_WARN_64_TO_32_BIT_CONVERSION = YES;
				GCC_WARN_ABOUT_RETURN_TYPE = YES_ERROR;
				GCC_WARN_UNDECLARED_SELECTOR = YES;
				GCC_WARN_UNINITIALIZED_AUTOS = YES_AGGRESSIVE;
				GCC_WARN_UNUSED_FUNCTION = YES;
				GCC_WARN_UNUSED_VARIABLE = YES;
				IPHONEOS_DEPLOYMENT_TARGET = 17.0;
				LOCALIZATION_PREFERS_STRING_CATALOGS = YES;
				MTL_ENABLE_DEBUG_INFO = INCLUDE_SOURCE;
				MTL_FAST_MATH = YES;
				ONLY_ACTIVE_ARCH = YES;
				SDKROOT = iphoneos;
				SWIFT_ACTIVE_COMPILATION_CONDITIONS = "DEBUG $(inherited)";
				SWIFT_OPTIMIZATION_LEVEL = "-Onone";
			};
			name = Debug;
		};
		7585AF052B6904920020B752 /* Release */ = {
			isa = XCBuildConfiguration;
			buildSettings = {
				ALWAYS_SEARCH_USER_PATHS = NO;
				ASSETCATALOG_COMPILER_GENERATE_SWIFT_ASSET_SYMBOL_EXTENSIONS = YES;
				CLANG_ANALYZER_NONNULL = YES;
				CLANG_ANALYZER_NUMBER_OBJECT_CONVERSION = YES_AGGRESSIVE;
				CLANG_CXX_LANGUAGE_STANDARD = "gnu++20";
				CLANG_ENABLE_MODULES = YES;
				CLANG_ENABLE_OBJC_ARC = YES;
				CLANG_ENABLE_OBJC_WEAK = YES;
				CLANG_WARN_BLOCK_CAPTURE_AUTORELEASING = YES;
				CLANG_WARN_BOOL_CONVERSION = YES;
				CLANG_WARN_COMMA = YES;
				CLANG_WARN_CONSTANT_CONVERSION = YES;
				CLANG_WARN_DEPRECATED_OBJC_IMPLEMENTATIONS = YES;
				CLANG_WARN_DIRECT_OBJC_ISA_USAGE = YES_ERROR;
				CLANG_WARN_DOCUMENTATION_COMMENTS = YES;
				CLANG_WARN_EMPTY_BODY = YES;
				CLANG_WARN_ENUM_CONVERSION = YES;
				CLANG_WARN_INFINITE_RECURSION = YES;
				CLANG_WARN_INT_CONVERSION = YES;
				CLANG_WARN_NON_LITERAL_NULL_CONVERSION = YES;
				CLANG_WARN_OBJC_IMPLICIT_RETAIN_SELF = YES;
				CLANG_WARN_OBJC_LITERAL_CONVERSION = YES;
				CLANG_WARN_OBJC_ROOT_CLASS = YES_ERROR;
				CLANG_WARN_QUOTED_INCLUDE_IN_FRAMEWORK_HEADER = YES;
				CLANG_WARN_RANGE_LOOP_ANALYSIS = YES;
				CLANG_WARN_STRICT_PROTOTYPES = YES;
				CLANG_WARN_SUSPICIOUS_MOVE = YES;
				CLANG_WARN_UNGUARDED_AVAILABILITY = YES_AGGRESSIVE;
				CLANG_WARN_UNREACHABLE_CODE = YES;
				CLANG_WARN__DUPLICATE_METHOD_MATCH = YES;
				COPY_PHASE_STRIP = NO;
				DEBUG_INFORMATION_FORMAT = "dwarf-with-dsym";
				ENABLE_NS_ASSERTIONS = NO;
				ENABLE_STRICT_OBJC_MSGSEND = YES;
				ENABLE_USER_SCRIPT_SANDBOXING = YES;
				GCC_C_LANGUAGE_STANDARD = gnu17;
				GCC_NO_COMMON_BLOCKS = YES;
				GCC_WARN_64_TO_32_BIT_CONVERSION = YES;
				GCC_WARN_ABOUT_RETURN_TYPE = YES_ERROR;
				GCC_WARN_UNDECLARED_SELECTOR = YES;
				GCC_WARN_UNINITIALIZED_AUTOS = YES_AGGRESSIVE;
				GCC_WARN_UNUSED_FUNCTION = YES;
				GCC_WARN_UNUSED_VARIABLE = YES;
				IPHONEOS_DEPLOYMENT_TARGET = 17.0;
				LOCALIZATION_PREFERS_STRING_CATALOGS = YES;
				MTL_ENABLE_DEBUG_INFO = NO;
				MTL_FAST_MATH = YES;
				SDKROOT = iphoneos;
				SWIFT_COMPILATION_MODE = wholemodule;
				VALIDATE_PRODUCT = YES;
			};
			name = Release;
		};
		7585AF072B6904920020B752 /* Debug */ = {
			isa = XCBuildConfiguration;
			buildSettings = {
				ASSETCATALOG_COMPILER_APPICON_NAME = AppIcon;
				ASSETCATALOG_COMPILER_GLOBAL_ACCENT_COLOR_NAME = AccentColor;
				CODE_SIGN_STYLE = Automatic;
				CURRENT_PROJECT_VERSION = 1;
				DEVELOPMENT_TEAM = 38J4G53A4S;
				GENERATE_INFOPLIST_FILE = YES;
				INFOPLIST_FILE = CatchGameDeveloped/Info.plist;
				INFOPLIST_KEY_UIApplicationSupportsIndirectInputEvents = YES;
				INFOPLIST_KEY_UILaunchStoryboardName = LaunchScreen;
				INFOPLIST_KEY_UIMainStoryboardFile = Main;
				INFOPLIST_KEY_UISupportedInterfaceOrientations_iPad = "UIInterfaceOrientationPortrait UIInterfaceOrientationPortraitUpsideDown UIInterfaceOrientationLandscapeLeft UIInterfaceOrientationLandscapeRight";
				INFOPLIST_KEY_UISupportedInterfaceOrientations_iPhone = "UIInterfaceOrientationPortrait UIInterfaceOrientationLandscapeLeft UIInterfaceOrientationLandscapeRight";
				LD_RUNPATH_SEARCH_PATHS = (
					"$(inherited)",
					"@executable_path/Frameworks",
				);
				MARKETING_VERSION = 1.0;
				PRODUCT_BUNDLE_IDENTIFIER = "com.RidvanS-evkiKarsli.CatchGameDeveloped";
				PRODUCT_NAME = "$(TARGET_NAME)";
				SWIFT_EMIT_LOC_STRINGS = YES;
				SWIFT_VERSION = 5.0;
				TARGETED_DEVICE_FAMILY = "1,2";
			};
			name = Debug;
		};
		7585AF082B6904920020B752 /* Release */ = {
			isa = XCBuildConfiguration;
			buildSettings = {
				ASSETCATALOG_COMPILER_APPICON_NAME = AppIcon;
				ASSETCATALOG_COMPILER_GLOBAL_ACCENT_COLOR_NAME = AccentColor;
				CODE_SIGN_STYLE = Automatic;
				CURRENT_PROJECT_VERSION = 1;
				DEVELOPMENT_TEAM = 38J4G53A4S;
				GENERATE_INFOPLIST_FILE = YES;
				INFOPLIST_FILE = CatchGameDeveloped/Info.plist;
				INFOPLIST_KEY_UIApplicationSupportsIndirectInputEvents = YES;
				INFOPLIST_KEY_UILaunchStoryboardName = LaunchScreen;
				INFOPLIST_KEY_UIMainStoryboardFile = Main;
				INFOPLIST_KEY_UISupportedInterfaceOrientations_iPad = "UIInterfaceOrientationPortrait UIInterfaceOrientationPortraitUpsideDown UIInterfaceOrientationLandscapeLeft UIInterfaceOrientationLandscapeRight";
				INFOPLIST_KEY_UISupportedInterfaceOrientations_iPhone = "UIInterfaceOrientationPortrait UIInterfaceOrientationLandscapeLeft UIInterfaceOrientationLandscapeRight";
				LD_RUNPATH_SEARCH_PATHS = (
					"$(inherited)",
					"@executable_path/Frameworks",
				);
				MARKETING_VERSION = 1.0;
				PRODUCT_BUNDLE_IDENTIFIER = "com.RidvanS-evkiKarsli.CatchGameDeveloped";
				PRODUCT_NAME = "$(TARGET_NAME)";
				SWIFT_EMIT_LOC_STRINGS = YES;
				SWIFT_VERSION = 5.0;
				TARGETED_DEVICE_FAMILY = "1,2";
			};
			name = Release;
		};
/* End XCBuildConfiguration section */

/* Begin XCConfigurationList section */
		7585AEEA2B69048F0020B752 /* Build configuration list for PBXProject "CatchGameDeveloped" */ = {
			isa = XCConfigurationList;
			buildConfigurations = (
				7585AF042B6904920020B752 /* Debug */,
				7585AF052B6904920020B752 /* Release */,
			);
			defaultConfigurationIsVisible = 0;
			defaultConfigurationName = Release;
		};
		7585AF062B6904920020B752 /* Build configuration list for PBXNativeTarget "CatchGameDeveloped" */ = {
			isa = XCConfigurationList;
			buildConfigurations = (
				7585AF072B6904920020B752 /* Debug */,
				7585AF082B6904920020B752 /* Release */,
			);
			defaultConfigurationIsVisible = 0;
			defaultConfigurationName = Release;
		};
/* End XCConfigurationList section */

/* Begin XCVersionGroup section */
		7585AEFB2B69048F0020B752 /* CatchGameDeveloped.xcdatamodeld */ = {
			isa = XCVersionGroup;
			children = (
				7585AEFC2B69048F0020B752 /* CatchGameDeveloped.xcdatamodel */,
			);
			currentVersion = 7585AEFC2B69048F0020B752 /* CatchGameDeveloped.xcdatamodel */;
			path = CatchGameDeveloped.xcdatamodeld;
			sourceTree = "<group>";
			versionGroupType = wrapper.xcdatamodel;
		};
/* End XCVersionGroup section */
	};
	rootObject = 7585AEE72B69048F0020B752 /* Project object */;
}
